{
  "name": "ct-django",
  "lockfileVersion": 3,
  "requires": true,
  "packages": {
    "": {
      "dependencies": {
        "openseadragon": "^6.1.0"
      }
    },
    "node_modules/openseadragon": {
      "version": "6.1.0",
      "resolved": "https://registry.npmjs.org/openseadragon/-/openseadragon-6.1.0.tgz",
      "integrity": "sha512-S2kEBO6zd2pbUByMVZ6PkEldvXHbB2kemL3tAhSltnHyjpArJPgXeM/AH/g8qsoXHy9pMHzx63XyJftE556MbA==",
      "license": "BSD-3-Clause",
      "funding": {
        "url": "https://opencollective.com/openseadragon"
      }
    }
  }
}
