{
  "name": "ct-django",
  "lockfileVersion": 3,
  "requires": true,
  "packages": {
    "": {
      "dependencies": {
        "openseadragon": "^5.0.0"
      }
    },
    "node_modules/openseadragon": {
      "version": "5.0.0",
      "resolved": "https://registry.npmjs.org/openseadragon/-/openseadragon-5.0.0.tgz",
      "integrity": "sha512-S9aabSjmJg7Jfow1UItR5aXiKQLtkDWyRR5fxLeqT4vSYMvfscXUDfVS9snUN3JuIrHaSPJAlR4H2DYSn5DWRg==",
      "funding": {
        "url": "https://opencollective.com/openseadragon"
      }
    }
  }
}
